{
  "name": "wwwroot",
  "version": "1.0.0",
  "lockfileVersion": 3,
  "requires": true,
  "packages": {
    "": {
      "name": "wwwroot",
      "version": "1.0.0",
      "license": "MIT",
      "dependencies": {
        "dropify": "^0.2.2",
        "sweetalert2": "^11.10.7"
      }
    },
    "node_modules/dropify": {
      "version": "0.2.2",
      "resolved": "https://npm.aiursoft.com/dropify/-/dropify-0.2.2.tgz",
      "integrity": "sha512-SK9IaPaRLn6/EFGKkNcly9yPSxQwpgLac7nqbDEh2PfFtY4nDH3NR6YXNG0v/sGcu9Q1/3ufuGBTCvPpVPMRLA==",
      "license": "MIT",
      "dependencies": {
        "jquery": "*"
      }
    },
    "node_modules/jquery": {
      "version": "3.7.1",
      "resolved": "https://npm.aiursoft.com/jquery/-/jquery-3.7.1.tgz",
      "integrity": "sha512-m4avr8yL8kmFN8psrbFFFmB/If14iN5o9nw/NgnnM+kybDJpRsAynV2BsfpTYrTRysYUdADVD7CkUUizgkpLfg==",
      "license": "MIT"
    },
    "node_modules/sweetalert2": {
      "version": "11.26.25",
      "resolved": "https://npm.aiursoft.com/sweetalert2/-/sweetalert2-11.26.25.tgz",
      "integrity": "sha512-+hunCOJdJ6FLj04T9YSLvvZXRjsvIkTeTKP2e4VF8CaBias961BTnWiSFAy7F/CM5eq3QK2Rraoc5Gzftslvkg==",
      "license": "MIT",
      "funding": {
        "type": "individual",
        "url": "https://github.com/sponsors/limonte"
      }
    }
  }
}
